// !$*UTF8*$!
{
	archiveVersion = 1;
	classes = {
	};
	objectVersion = 46;
	objects = {

/* Begin PBXBuildFile section */
		29CEC6A29B6B831042D5A735 /* Pods_DebtBook.framework in Frameworks */ = {isa = PBXBuildFile; fileRef = 3631B8AC456CEBCC1FF50708 /* Pods_DebtBook.framework */; };
		360511F01FBC7D6500BF3F07 /* DebtorCell.swift in Sources */ = {isa = PBXBuildFile; fileRef = 360511EE1FBC7D6500BF3F07 /* DebtorCell.swift */; };
		360511F11FBC7D6500BF3F07 /* DebtorCell.xib in Resources */ = {isa = PBXBuildFile; fileRef = 360511EF1FBC7D6500BF3F07 /* DebtorCell.xib */; };
		360511F31FBC7F2300BF3F07 /* DebtorObject.swift in Sources */ = {isa = PBXBuildFile; fileRef = 360511F21FBC7F2300BF3F07 /* DebtorObject.swift */; };
		360511F51FBC82CA00BF3F07 /* DebtsRouter.swift in Sources */ = {isa = PBXBuildFile; fileRef = 360511F41FBC82CA00BF3F07 /* DebtsRouter.swift */; };
		360511F71FBC851400BF3F07 /* DebtServices.swift in Sources */ = {isa = PBXBuildFile; fileRef = 360511F61FBC851400BF3F07 /* DebtServices.swift */; };
		360512031FBC866300BF3F07 /* Extensions+Data.swift in Sources */ = {isa = PBXBuildFile; fileRef = 360511F91FBC866300BF3F07 /* Extensions+Data.swift */; };
		360512041FBC866300BF3F07 /* Extensions+Date.swift in Sources */ = {isa = PBXBuildFile; fileRef = 360511FA1FBC866300BF3F07 /* Extensions+Date.swift */; };
		360512051FBC866300BF3F07 /* Extensions+HTTPURLResponse.swift in Sources */ = {isa = PBXBuildFile; fileRef = 360511FB1FBC866300BF3F07 /* Extensions+HTTPURLResponse.swift */; };
		360512061FBC866300BF3F07 /* Extensions+Int.swift in Sources */ = {isa = PBXBuildFile; fileRef = 360511FC1FBC866300BF3F07 /* Extensions+Int.swift */; };
		360512071FBC866300BF3F07 /* Extensions+NSError.swift in Sources */ = {isa = PBXBuildFile; fileRef = 360511FD1FBC866300BF3F07 /* Extensions+NSError.swift */; };
		360512081FBC866300BF3F07 /* Extensions+String.swift in Sources */ = {isa = PBXBuildFile; fileRef = 360511FE1FBC866300BF3F07 /* Extensions+String.swift */; };
		360512091FBC866300BF3F07 /* Extensions+UIActivityIndicatorView.swift in Sources */ = {isa = PBXBuildFile; fileRef = 360511FF1FBC866300BF3F07 /* Extensions+UIActivityIndicatorView.swift */; };
		3605120A1FBC866300BF3F07 /* Extensions+UIImageView.swift in Sources */ = {isa = PBXBuildFile; fileRef = 360512001FBC866300BF3F07 /* Extensions+UIImageView.swift */; };
		3605120B1FBC866300BF3F07 /* Extensions+UINavigationController.swift in Sources */ = {isa = PBXBuildFile; fileRef = 360512011FBC866300BF3F07 /* Extensions+UINavigationController.swift */; };
		3605120C1FBC866300BF3F07 /* Extensions+UIViewController.swift in Sources */ = {isa = PBXBuildFile; fileRef = 360512021FBC866300BF3F07 /* Extensions+UIViewController.swift */; };
		3605120E1FBC868000BF3F07 /* Helpers.swift in Sources */ = {isa = PBXBuildFile; fileRef = 3605120D1FBC868000BF3F07 /* Helpers.swift */; };
		360512101FBC9E3E00BF3F07 /* DetailDebtorObject.swift in Sources */ = {isa = PBXBuildFile; fileRef = 3605120F1FBC9E3E00BF3F07 /* DetailDebtorObject.swift */; };
		360512131FBCA90C00BF3F07 /* DetailsDebtorVC.swift in Sources */ = {isa = PBXBuildFile; fileRef = 360512121FBCA90C00BF3F07 /* DetailsDebtorVC.swift */; };
		360512191FBCA99C00BF3F07 /* DetailsDebtorCell.swift in Sources */ = {isa = PBXBuildFile; fileRef = 360512171FBCA99C00BF3F07 /* DetailsDebtorCell.swift */; };
		3605121A1FBCA99C00BF3F07 /* DetailsDebtorCell.xib in Resources */ = {isa = PBXBuildFile; fileRef = 360512181FBCA99C00BF3F07 /* DetailsDebtorCell.xib */; };
		3605123C1FBD529B00BF3F07 /* Main.storyboard in Resources */ = {isa = PBXBuildFile; fileRef = 3605123A1FBD529B00BF3F07 /* Main.storyboard */; };
		360512421FBD557A00BF3F07 /* Localizable.strings in Resources */ = {isa = PBXBuildFile; fileRef = 360512401FBD557A00BF3F07 /* Localizable.strings */; };
		360DF4331FBDAA7E00BC04B2 /* AddDebtorVC.swift in Sources */ = {isa = PBXBuildFile; fileRef = 360DF4321FBDAA7E00BC04B2 /* AddDebtorVC.swift */; };
		360DF4361FBDDFDC00BC04B2 /* SelectDistrictsVC.swift in Sources */ = {isa = PBXBuildFile; fileRef = 360DF4351FBDDFDC00BC04B2 /* SelectDistrictsVC.swift */; };
		360DF43A1FBDE8CA00BC04B2 /* DistrictCell.swift in Sources */ = {isa = PBXBuildFile; fileRef = 360DF4381FBDE8CA00BC04B2 /* DistrictCell.swift */; };
		360DF43B1FBDE8CA00BC04B2 /* DistrictCell.xib in Resources */ = {isa = PBXBuildFile; fileRef = 360DF4391FBDE8CA00BC04B2 /* DistrictCell.xib */; };
		364AB9521FBC428D0069898D /* DebtsVC.swift in Sources */ = {isa = PBXBuildFile; fileRef = 364AB9511FBC428D0069898D /* DebtsVC.swift */; };
		36EB186C1FBC3435002924D1 /* AppDelegate.swift in Sources */ = {isa = PBXBuildFile; fileRef = 36EB185D1FBC3435002924D1 /* AppDelegate.swift */; };
		36EB186E1FBC3435002924D1 /* Assets.xcassets in Resources */ = {isa = PBXBuildFile; fileRef = 36EB18661FBC3435002924D1 /* Assets.xcassets */; };
		36EB186F1FBC3435002924D1 /* LaunchScreen.storyboard in Resources */ = {isa = PBXBuildFile; fileRef = 36EB18681FBC3435002924D1 /* LaunchScreen.storyboard */; };
		36EB18711FBC3435002924D1 /* Info.plist in Resources */ = {isa = PBXBuildFile; fileRef = 36EB186B1FBC3435002924D1 /* Info.plist */; };
/* End PBXBuildFile section */

/* Begin PBXFileReference section */
		0966BD5B0B1DA0DC24D0DCA9 /* Pods-DebtBook.release.xcconfig */ = {isa = PBXFileReference; includeInIndex = 1; lastKnownFileType = text.xcconfig; name = "Pods-DebtBook.release.xcconfig"; path = "Pods/Target Support Files/Pods-DebtBook/Pods-DebtBook.release.xcconfig"; sourceTree = "<group>"; };
		360511EE1FBC7D6500BF3F07 /* DebtorCell.swift */ = {isa = PBXFileReference; fileEncoding = 4; lastKnownFileType = sourcecode.swift; path = DebtorCell.swift; sourceTree = "<group>"; };
		360511EF1FBC7D6500BF3F07 /* DebtorCell.xib */ = {isa = PBXFileReference; fileEncoding = 4; lastKnownFileType = file.xib; path = DebtorCell.xib; sourceTree = "<group>"; };
		360511F21FBC7F2300BF3F07 /* DebtorObject.swift */ = {isa = PBXFileReference; fileEncoding = 4; lastKnownFileType = sourcecode.swift; path = DebtorObject.swift; sourceTree = "<group>"; };
		360511F41FBC82CA00BF3F07 /* DebtsRouter.swift */ = {isa = PBXFileReference; fileEncoding = 4; lastKnownFileType = sourcecode.swift; path = DebtsRouter.swift; sourceTree = "<group>"; };
		360511F61FBC851400BF3F07 /* DebtServices.swift */ = {isa = PBXFileReference; fileEncoding = 4; lastKnownFileType = sourcecode.swift; path = DebtServices.swift; sourceTree = "<group>"; };
		360511F91FBC866300BF3F07 /* Extensions+Data.swift */ = {isa = PBXFileReference; fileEncoding = 4; lastKnownFileType = sourcecode.swift; path = "Extensions+Data.swift"; sourceTree = "<group>"; };
		360511FA1FBC866300BF3F07 /* Extensions+Date.swift */ = {isa = PBXFileReference; fileEncoding = 4; lastKnownFileType = sourcecode.swift; path = "Extensions+Date.swift"; sourceTree = "<group>"; };
		360511FB1FBC866300BF3F07 /* Extensions+HTTPURLResponse.swift */ = {isa = PBXFileReference; fileEncoding = 4; lastKnownFileType = sourcecode.swift; path = "Extensions+HTTPURLResponse.swift"; sourceTree = "<group>"; };
		360511FC1FBC866300BF3F07 /* Extensions+Int.swift */ = {isa = PBXFileReference; fileEncoding = 4; lastKnownFileType = sourcecode.swift; path = "Extensions+Int.swift"; sourceTree = "<group>"; };
		360511FD1FBC866300BF3F07 /* Extensions+NSError.swift */ = {isa = PBXFileReference; fileEncoding = 4; lastKnownFileType = sourcecode.swift; path = "Extensions+NSError.swift"; sourceTree = "<group>"; };
		360511FE1FBC866300BF3F07 /* Extensions+String.swift */ = {isa = PBXFileReference; fileEncoding = 4; lastKnownFileType = sourcecode.swift; path = "Extensions+String.swift"; sourceTree = "<group>"; };
		360511FF1FBC866300BF3F07 /* Extensions+UIActivityIndicatorView.swift */ = {isa = PBXFileReference; fileEncoding = 4; lastKnownFileType = sourcecode.swift; path = "Extensions+UIActivityIndicatorView.swift"; sourceTree = "<group>"; };
		360512001FBC866300BF3F07 /* Extensions+UIImageView.swift */ = {isa = PBXFileReference; fileEncoding = 4; lastKnownFileType = sourcecode.swift; path = "Extensions+UIImageView.swift"; sourceTree = "<group>"; };
		360512011FBC866300BF3F07 /* Extensions+UINavigationController.swift */ = {isa = PBXFileReference; fileEncoding = 4; lastKnownFileType = sourcecode.swift; path = "Extensions+UINavigationController.swift"; sourceTree = "<group>"; };
		360512021FBC866300BF3F07 /* Extensions+UIViewController.swift */ = {isa = PBXFileReference; fileEncoding = 4; lastKnownFileType = sourcecode.swift; path = "Extensions+UIViewController.swift"; sourceTree = "<group>"; };
		3605120D1FBC868000BF3F07 /* Helpers.swift */ = {isa = PBXFileReference; fileEncoding = 4; lastKnownFileType = sourcecode.swift; path = Helpers.swift; sourceTree = "<group>"; };
		3605120F1FBC9E3E00BF3F07 /* DetailDebtorObject.swift */ = {isa = PBXFileReference; fileEncoding = 4; lastKnownFileType = sourcecode.swift; path = DetailDebtorObject.swift; sourceTree = "<group>"; };
		360512121FBCA90C00BF3F07 /* DetailsDebtorVC.swift */ = {isa = PBXFileReference; fileEncoding = 4; lastKnownFileType = sourcecode.swift; path = DetailsDebtorVC.swift; sourceTree = "<group>"; };
		360512171FBCA99C00BF3F07 /* DetailsDebtorCell.swift */ = {isa = PBXFileReference; fileEncoding = 4; lastKnownFileType = sourcecode.swift; path = DetailsDebtorCell.swift; sourceTree = "<group>"; };
		360512181FBCA99C00BF3F07 /* DetailsDebtorCell.xib */ = {isa = PBXFileReference; fileEncoding = 4; lastKnownFileType = file.xib; path = DetailsDebtorCell.xib; sourceTree = "<group>"; };
		3605123B1FBD529B00BF3F07 /* vi */ = {isa = PBXFileReference; lastKnownFileType = file.storyboard; name = vi; path = Main.storyboard; sourceTree = "<group>"; };
		360512411FBD557A00BF3F07 /* vi */ = {isa = PBXFileReference; lastKnownFileType = text.plist.strings; name = vi; path = Localizable.strings; sourceTree = "<group>"; };
		360DF4321FBDAA7E00BC04B2 /* AddDebtorVC.swift */ = {isa = PBXFileReference; fileEncoding = 4; lastKnownFileType = sourcecode.swift; path = AddDebtorVC.swift; sourceTree = "<group>"; };
		360DF4351FBDDFDC00BC04B2 /* SelectDistrictsVC.swift */ = {isa = PBXFileReference; fileEncoding = 4; lastKnownFileType = sourcecode.swift; path = SelectDistrictsVC.swift; sourceTree = "<group>"; };
		360DF4381FBDE8CA00BC04B2 /* DistrictCell.swift */ = {isa = PBXFileReference; fileEncoding = 4; lastKnownFileType = sourcecode.swift; path = DistrictCell.swift; sourceTree = "<group>"; };
		360DF4391FBDE8CA00BC04B2 /* DistrictCell.xib */ = {isa = PBXFileReference; fileEncoding = 4; lastKnownFileType = file.xib; path = DistrictCell.xib; sourceTree = "<group>"; };
		3631B8AC456CEBCC1FF50708 /* Pods_DebtBook.framework */ = {isa = PBXFileReference; explicitFileType = wrapper.framework; includeInIndex = 0; path = Pods_DebtBook.framework; sourceTree = BUILT_PRODUCTS_DIR; };
		364AB9511FBC428D0069898D /* DebtsVC.swift */ = {isa = PBXFileReference; fileEncoding = 4; lastKnownFileType = sourcecode.swift; path = DebtsVC.swift; sourceTree = "<group>"; };
		36EB18461FBC3312002924D1 /* DebtBook.app */ = {isa = PBXFileReference; explicitFileType = wrapper.application; includeInIndex = 0; path = DebtBook.app; sourceTree = BUILT_PRODUCTS_DIR; };
		36EB185D1FBC3435002924D1 /* AppDelegate.swift */ = {isa = PBXFileReference; fileEncoding = 4; lastKnownFileType = sourcecode.swift; path = AppDelegate.swift; sourceTree = "<group>"; };
		36EB18661FBC3435002924D1 /* Assets.xcassets */ = {isa = PBXFileReference; lastKnownFileType = folder.assetcatalog; path = Assets.xcassets; sourceTree = "<group>"; };
		36EB18681FBC3435002924D1 /* LaunchScreen.storyboard */ = {isa = PBXFileReference; fileEncoding = 4; lastKnownFileType = file.storyboard; path = LaunchScreen.storyboard; sourceTree = "<group>"; };
		36EB186B1FBC3435002924D1 /* Info.plist */ = {isa = PBXFileReference; fileEncoding = 4; lastKnownFileType = text.plist.xml; path = Info.plist; sourceTree = "<group>"; };
		C110E663BA4FD93D58FC997F /* Pods-DebtBook.debug.xcconfig */ = {isa = PBXFileReference; includeInIndex = 1; lastKnownFileType = text.xcconfig; name = "Pods-DebtBook.debug.xcconfig"; path = "Pods/Target Support Files/Pods-DebtBook/Pods-DebtBook.debug.xcconfig"; sourceTree = "<group>"; };
/* End PBXFileReference section */

/* Begin PBXFrameworksBuildPhase section */
		36EB18431FBC3312002924D1 /* Frameworks */ = {
			isa = PBXFrameworksBuildPhase;
			buildActionMask = 2147483647;
			files = (
				29CEC6A29B6B831042D5A735 /* Pods_DebtBook.framework in Frameworks */,
			);
			runOnlyForDeploymentPostprocessing = 0;
		};
/* End PBXFrameworksBuildPhase section */

/* Begin PBXGroup section */
		03D23AC9C9727E111FAB87DD /* Pods */ = {
			isa = PBXGroup;
			children = (
				C110E663BA4FD93D58FC997F /* Pods-DebtBook.debug.xcconfig */,
				0966BD5B0B1DA0DC24D0DCA9 /* Pods-DebtBook.release.xcconfig */,
			);
			name = Pods;
			sourceTree = "<group>";
		};
		360511ED1FBC7D4B00BF3F07 /* DebtorCell */ = {
			isa = PBXGroup;
			children = (
				360511EE1FBC7D6500BF3F07 /* DebtorCell.swift */,
				360511EF1FBC7D6500BF3F07 /* DebtorCell.xib */,
			);
			path = DebtorCell;
			sourceTree = "<group>";
		};
		360511F81FBC863800BF3F07 /* Helpers */ = {
			isa = PBXGroup;
			children = (
				3605120D1FBC868000BF3F07 /* Helpers.swift */,
			);
			path = Helpers;
			sourceTree = "<group>";
		};
		360512111FBCA8FC00BF3F07 /* DetailsDebtor */ = {
			isa = PBXGroup;
			children = (
				360512141FBCA97E00BF3F07 /* DetailDebtorCell */,
				360512121FBCA90C00BF3F07 /* DetailsDebtorVC.swift */,
			);
			path = DetailsDebtor;
			sourceTree = "<group>";
		};
		360512141FBCA97E00BF3F07 /* DetailDebtorCell */ = {
			isa = PBXGroup;
			children = (
				360512171FBCA99C00BF3F07 /* DetailsDebtorCell.swift */,
				360512181FBCA99C00BF3F07 /* DetailsDebtorCell.xib */,
			);
			path = DetailDebtorCell;
			sourceTree = "<group>";
		};
		360512391FBD529B00BF3F07 /* vi.lproj */ = {
			isa = PBXGroup;
			children = (
				3605123A1FBD529B00BF3F07 /* Main.storyboard */,
				360512401FBD557A00BF3F07 /* Localizable.strings */,
			);
			path = vi.lproj;
			sourceTree = "<group>";
		};
		360DF4231FBD950D00BC04B2 /* AddDebtor */ = {
			isa = PBXGroup;
			children = (
				360DF4341FBDDFC500BC04B2 /* SelectDistricts */,
				360DF4321FBDAA7E00BC04B2 /* AddDebtorVC.swift */,
			);
			path = AddDebtor;
			sourceTree = "<group>";
		};
		360DF4341FBDDFC500BC04B2 /* SelectDistricts */ = {
			isa = PBXGroup;
			children = (
				360DF4371FBDE88000BC04B2 /* DistrictCell */,
				360DF4351FBDDFDC00BC04B2 /* SelectDistrictsVC.swift */,
			);
			path = SelectDistricts;
			sourceTree = "<group>";
		};
		360DF4371FBDE88000BC04B2 /* DistrictCell */ = {
			isa = PBXGroup;
			children = (
				360DF4381FBDE8CA00BC04B2 /* DistrictCell.swift */,
				360DF4391FBDE8CA00BC04B2 /* DistrictCell.xib */,
			);
			path = DistrictCell;
			sourceTree = "<group>";
		};
		364AB9501FBC42610069898D /* Debts */ = {
			isa = PBXGroup;
			children = (
				360DF4231FBD950D00BC04B2 /* AddDebtor */,
				360512111FBCA8FC00BF3F07 /* DetailsDebtor */,
				360511ED1FBC7D4B00BF3F07 /* DebtorCell */,
				364AB9511FBC428D0069898D /* DebtsVC.swift */,
			);
			path = Debts;
			sourceTree = "<group>";
		};
		36EB183D1FBC3312002924D1 = {
			isa = PBXGroup;
			children = (
				36EB18481FBC3312002924D1 /* DebtBook */,
				36EB18471FBC3312002924D1 /* Products */,
				03D23AC9C9727E111FAB87DD /* Pods */,
				89C17F2331FF970124ABEE57 /* Frameworks */,
			);
			sourceTree = "<group>";
		};
		36EB18471FBC3312002924D1 /* Products */ = {
			isa = PBXGroup;
			children = (
				36EB18461FBC3312002924D1 /* DebtBook.app */,
			);
			name = Products;
			sourceTree = "<group>";
		};
		36EB18481FBC3312002924D1 /* DebtBook */ = {
			isa = PBXGroup;
			children = (
				36EB185B1FBC3435002924D1 /* Classes */,
				36EB18651FBC3435002924D1 /* Resources */,
				36EB18671FBC3435002924D1 /* Storyboards */,
				36EB186A1FBC3435002924D1 /* Supporting Files */,
			);
			path = DebtBook;
			sourceTree = "<group>";
		};
		36EB185B1FBC3435002924D1 /* Classes */ = {
			isa = PBXGroup;
			children = (
				360511F81FBC863800BF3F07 /* Helpers */,
				36EB185C1FBC3435002924D1 /* Apps */,
				36EB185E1FBC3435002924D1 /* Extensions */,
				36EB185F1FBC3435002924D1 /* Models */,
				36EB18601FBC3435002924D1 /* Protocols */,
				36EB18611FBC3435002924D1 /* Routers */,
				36EB18621FBC3435002924D1 /* Services */,
				36EB18631FBC3435002924D1 /* UIs */,
			);
			path = Classes;
			sourceTree = "<group>";
		};
		36EB185C1FBC3435002924D1 /* Apps */ = {
			isa = PBXGroup;
			children = (
				36EB185D1FBC3435002924D1 /* AppDelegate.swift */,
			);
			path = Apps;
			sourceTree = "<group>";
		};
		36EB185E1FBC3435002924D1 /* Extensions */ = {
			isa = PBXGroup;
			children = (
				360511F91FBC866300BF3F07 /* Extensions+Data.swift */,
				360511FA1FBC866300BF3F07 /* Extensions+Date.swift */,
				360511FB1FBC866300BF3F07 /* Extensions+HTTPURLResponse.swift */,
				360511FC1FBC866300BF3F07 /* Extensions+Int.swift */,
				360511FD1FBC866300BF3F07 /* Extensions+NSError.swift */,
				360511FE1FBC866300BF3F07 /* Extensions+String.swift */,
				360511FF1FBC866300BF3F07 /* Extensions+UIActivityIndicatorView.swift */,
				360512001FBC866300BF3F07 /* Extensions+UIImageView.swift */,
				360512011FBC866300BF3F07 /* Extensions+UINavigationController.swift */,
				360512021FBC866300BF3F07 /* Extensions+UIViewController.swift */,
			);
			path = Extensions;
			sourceTree = "<group>";
		};
		36EB185F1FBC3435002924D1 /* Models */ = {
			isa = PBXGroup;
			children = (
				360511F21FBC7F2300BF3F07 /* DebtorObject.swift */,
				3605120F1FBC9E3E00BF3F07 /* DetailDebtorObject.swift */,
			);
			path = Models;
			sourceTree = "<group>";
		};
		36EB18601FBC3435002924D1 /* Protocols */ = {
			isa = PBXGroup;
			children = (
			);
			path = Protocols;
			sourceTree = "<group>";
		};
		36EB18611FBC3435002924D1 /* Routers */ = {
			isa = PBXGroup;
			children = (
				360511F41FBC82CA00BF3F07 /* DebtsRouter.swift */,
			);
			path = Routers;
			sourceTree = "<group>";
		};
		36EB18621FBC3435002924D1 /* Services */ = {
			isa = PBXGroup;
			children = (
				360511F61FBC851400BF3F07 /* DebtServices.swift */,
			);
			path = Services;
			sourceTree = "<group>";
		};
		36EB18631FBC3435002924D1 /* UIs */ = {
			isa = PBXGroup;
			children = (
				364AB9501FBC42610069898D /* Debts */,
			);
			path = UIs;
			sourceTree = "<group>";
		};
		36EB18651FBC3435002924D1 /* Resources */ = {
			isa = PBXGroup;
			children = (
				36EB18661FBC3435002924D1 /* Assets.xcassets */,
			);
			path = Resources;
			sourceTree = "<group>";
		};
		36EB18671FBC3435002924D1 /* Storyboards */ = {
			isa = PBXGroup;
			children = (
				360512391FBD529B00BF3F07 /* vi.lproj */,
				36EB18681FBC3435002924D1 /* LaunchScreen.storyboard */,
			);
			path = Storyboards;
			sourceTree = "<group>";
		};
		36EB186A1FBC3435002924D1 /* Supporting Files */ = {
			isa = PBXGroup;
			children = (
				36EB186B1FBC3435002924D1 /* Info.plist */,
			);
			path = "Supporting Files";
			sourceTree = "<group>";
		};
		89C17F2331FF970124ABEE57 /* Frameworks */ = {
			isa = PBXGroup;
			children = (
				3631B8AC456CEBCC1FF50708 /* Pods_DebtBook.framework */,
			);
			name = Frameworks;
			sourceTree = "<group>";
		};
/* End PBXGroup section */

/* Begin PBXNativeTarget section */
		36EB18451FBC3312002924D1 /* DebtBook */ = {
			isa = PBXNativeTarget;
			buildConfigurationList = 36EB18581FBC3313002924D1 /* Build configuration list for PBXNativeTarget "DebtBook" */;
			buildPhases = (
				D8F2713C68D6EF911636D245 /* [CP] Check Pods Manifest.lock */,
				36EB18421FBC3312002924D1 /* Sources */,
				36EB18431FBC3312002924D1 /* Frameworks */,
				36EB18441FBC3312002924D1 /* Resources */,
				AC3E4FD1C3CCD4DF51E78CEE /* [CP] Embed Pods Frameworks */,
				D4BE1DA18CF3BE924CA9A255 /* [CP] Copy Pods Resources */,
			);
			buildRules = (
			);
			dependencies = (
			);
			name = DebtBook;
			productName = DebtBook;
			productReference = 36EB18461FBC3312002924D1 /* DebtBook.app */;
			productType = "com.apple.product-type.application";
		};
/* End PBXNativeTarget section */

/* Begin PBXProject section */
		36EB183E1FBC3312002924D1 /* Project object */ = {
			isa = PBXProject;
			attributes = {
				LastSwiftUpdateCheck = 0830;
				LastUpgradeCheck = 0830;
				ORGANIZATIONNAME = "Lê Anh Tuấn";
				TargetAttributes = {
					36EB18451FBC3312002924D1 = {
						CreatedOnToolsVersion = 8.3.3;
						DevelopmentTeam = VGQU7EVXZV;
						ProvisioningStyle = Automatic;
					};
				};
			};
			buildConfigurationList = 36EB18411FBC3312002924D1 /* Build configuration list for PBXProject "DebtBook" */;
			compatibilityVersion = "Xcode 3.2";
			developmentRegion = English;
			hasScannedForEncodings = 0;
			knownRegions = (
				en,
				vi,
			);
			mainGroup = 36EB183D1FBC3312002924D1;
			productRefGroup = 36EB18471FBC3312002924D1 /* Products */;
			projectDirPath = "";
			projectRoot = "";
			targets = (
				36EB18451FBC3312002924D1 /* DebtBook */,
			);
		};
/* End PBXProject section */

/* Begin PBXResourcesBuildPhase section */
		36EB18441FBC3312002924D1 /* Resources */ = {
			isa = PBXResourcesBuildPhase;
			buildActionMask = 2147483647;
			files = (
				3605123C1FBD529B00BF3F07 /* Main.storyboard in Resources */,
				3605121A1FBCA99C00BF3F07 /* DetailsDebtorCell.xib in Resources */,
				36EB18711FBC3435002924D1 /* Info.plist in Resources */,
				360512421FBD557A00BF3F07 /* Localizable.strings in Resources */,
				36EB186E1FBC3435002924D1 /* Assets.xcassets in Resources */,
				36EB186F1FBC3435002924D1 /* LaunchScreen.storyboard in Resources */,
				360511F11FBC7D6500BF3F07 /* DebtorCell.xib in Resources */,
				360DF43B1FBDE8CA00BC04B2 /* DistrictCell.xib in Resources */,
			);
			runOnlyForDeploymentPostprocessing = 0;
		};
/* End PBXResourcesBuildPhase section */

/* Begin PBXShellScriptBuildPhase section */
		AC3E4FD1C3CCD4DF51E78CEE /* [CP] Embed Pods Frameworks */ = {
			isa = PBXShellScriptBuildPhase;
			buildActionMask = 2147483647;
			files = (
			);
			inputPaths = (
				"${SRCROOT}/Pods/Target Support Files/Pods-DebtBook/Pods-DebtBook-frameworks.sh",
				"${BUILT_PRODUCTS_DIR}/Alamofire/Alamofire.framework",
				"${BUILT_PRODUCTS_DIR}/Gloss/Gloss.framework",
			);
			name = "[CP] Embed Pods Frameworks";
			outputPaths = (
				"${TARGET_BUILD_DIR}/${FRAMEWORKS_FOLDER_PATH}/Alamofire.framework",
				"${TARGET_BUILD_DIR}/${FRAMEWORKS_FOLDER_PATH}/Gloss.framework",
			);
			runOnlyForDeploymentPostprocessing = 0;
			shellPath = /bin/sh;
			shellScript = "\"${SRCROOT}/Pods/Target Support Files/Pods-DebtBook/Pods-DebtBook-frameworks.sh\"\n";
			showEnvVarsInLog = 0;
		};
		D4BE1DA18CF3BE924CA9A255 /* [CP] Copy Pods Resources */ = {
			isa = PBXShellScriptBuildPhase;
			buildActionMask = 2147483647;
			files = (
			);
			inputPaths = (
			);
			name = "[CP] Copy Pods Resources";
			outputPaths = (
			);
			runOnlyForDeploymentPostprocessing = 0;
			shellPath = /bin/sh;
			shellScript = "\"${SRCROOT}/Pods/Target Support Files/Pods-DebtBook/Pods-DebtBook-resources.sh\"\n";
			showEnvVarsInLog = 0;
		};
		D8F2713C68D6EF911636D245 /* [CP] Check Pods Manifest.lock */ = {
			isa = PBXShellScriptBuildPhase;
			buildActionMask = 2147483647;
			files = (
			);
			inputPaths = (
				"${PODS_PODFILE_DIR_PATH}/Podfile.lock",
				"${PODS_ROOT}/Manifest.lock",
			);
			name = "[CP] Check Pods Manifest.lock";
			outputPaths = (
				"$(DERIVED_FILE_DIR)/Pods-DebtBook-checkManifestLockResult.txt",
			);
			runOnlyForDeploymentPostprocessing = 0;
			shellPath = /bin/sh;
			shellScript = "diff \"${PODS_PODFILE_DIR_PATH}/Podfile.lock\" \"${PODS_ROOT}/Manifest.lock\" > /dev/null\nif [ $? != 0 ] ; then\n    # print error to STDERR\n    echo \"error: The sandbox is not in sync with the Podfile.lock. Run 'pod install' or update your CocoaPods installation.\" >&2\n    exit 1\nfi\n# This output is used by Xcode 'outputs' to avoid re-running this script phase.\necho \"SUCCESS\" > \"${SCRIPT_OUTPUT_FILE_0}\"\n";
			showEnvVarsInLog = 0;
		};
/* End PBXShellScriptBuildPhase section */

/* Begin PBXSourcesBuildPhase section */
		36EB18421FBC3312002924D1 /* Sources */ = {
			isa = PBXSourcesBuildPhase;
			buildActionMask = 2147483647;
			files = (
				360DF4361FBDDFDC00BC04B2 /* SelectDistrictsVC.swift in Sources */,
				360511F71FBC851400BF3F07 /* DebtServices.swift in Sources */,
				360512041FBC866300BF3F07 /* Extensions+Date.swift in Sources */,
				3605120A1FBC866300BF3F07 /* Extensions+UIImageView.swift in Sources */,
				360511F31FBC7F2300BF3F07 /* DebtorObject.swift in Sources */,
				36EB186C1FBC3435002924D1 /* AppDelegate.swift in Sources */,
				360512031FBC866300BF3F07 /* Extensions+Data.swift in Sources */,
				360512071FBC866300BF3F07 /* Extensions+NSError.swift in Sources */,
				360512101FBC9E3E00BF3F07 /* DetailDebtorObject.swift in Sources */,
				360512061FBC866300BF3F07 /* Extensions+Int.swift in Sources */,
				360512091FBC866300BF3F07 /* Extensions+UIActivityIndicatorView.swift in Sources */,
				360511F51FBC82CA00BF3F07 /* DebtsRouter.swift in Sources */,
				3605120E1FBC868000BF3F07 /* Helpers.swift in Sources */,
				360512081FBC866300BF3F07 /* Extensions+String.swift in Sources */,
				360DF4331FBDAA7E00BC04B2 /* AddDebtorVC.swift in Sources */,
				360511F01FBC7D6500BF3F07 /* DebtorCell.swift in Sources */,
				3605120C1FBC866300BF3F07 /* Extensions+UIViewController.swift in Sources */,
				3605120B1FBC866300BF3F07 /* Extensions+UINavigationController.swift in Sources */,
				360512191FBCA99C00BF3F07 /* DetailsDebtorCell.swift in Sources */,
				360DF43A1FBDE8CA00BC04B2 /* DistrictCell.swift in Sources */,
				360512131FBCA90C00BF3F07 /* DetailsDebtorVC.swift in Sources */,
				360512051FBC866300BF3F07 /* Extensions+HTTPURLResponse.swift in Sources */,
				364AB9521FBC428D0069898D /* DebtsVC.swift in Sources */,
			);
			runOnlyForDeploymentPostprocessing = 0;
		};
/* End PBXSourcesBuildPhase section */

/* Begin PBXVariantGroup section */
		3605123A1FBD529B00BF3F07 /* Main.storyboard */ = {
			isa = PBXVariantGroup;
			children = (
				3605123B1FBD529B00BF3F07 /* vi */,
			);
			name = Main.storyboard;
			sourceTree = "<group>";
		};
		360512401FBD557A00BF3F07 /* Localizable.strings */ = {
			isa = PBXVariantGroup;
			children = (
				360512411FBD557A00BF3F07 /* vi */,
			);
			name = Localizable.strings;
			sourceTree = "<group>";
		};
/* End PBXVariantGroup section */

/* Begin XCBuildConfiguration section */
		36EB18561FBC3313002924D1 /* Debug */ = {
			isa = XCBuildConfiguration;
			buildSettings = {
				ALWAYS_SEARCH_USER_PATHS = NO;
				CLANG_ANALYZER_NONNULL = YES;
				CLANG_ANALYZER_NUMBER_OBJECT_CONVERSION = YES_AGGRESSIVE;
				CLANG_CXX_LANGUAGE_STANDARD = "gnu++0x";
				CLANG_CXX_LIBRARY = "libc++";
				CLANG_ENABLE_MODULES = YES;
				CLANG_ENABLE_OBJC_ARC = YES;
				CLANG_WARN_BOOL_CONVERSION = YES;
				CLANG_WARN_CONSTANT_CONVERSION = YES;
				CLANG_WARN_DIRECT_OBJC_ISA_USAGE = YES_ERROR;
				CLANG_WARN_DOCUMENTATION_COMMENTS = YES;
				CLANG_WARN_EMPTY_BODY = YES;
				CLANG_WARN_ENUM_CONVERSION = YES;
				CLANG_WARN_INFINITE_RECURSION = YES;
				CLANG_WARN_INT_CONVERSION = YES;
				CLANG_WARN_OBJC_ROOT_CLASS = YES_ERROR;
				CLANG_WARN_SUSPICIOUS_MOVE = YES;
				CLANG_WARN_UNREACHABLE_CODE = YES;
				CLANG_WARN__DUPLICATE_METHOD_MATCH = YES;
				"CODE_SIGN_IDENTITY[sdk=iphoneos*]" = "iPhone Developer";
				COPY_PHASE_STRIP = NO;
				DEBUG_INFORMATION_FORMAT = dwarf;
				ENABLE_STRICT_OBJC_MSGSEND = YES;
				ENABLE_TESTABILITY = YES;
				GCC_C_LANGUAGE_STANDARD = gnu99;
				GCC_DYNAMIC_NO_PIC = NO;
				GCC_NO_COMMON_BLOCKS = YES;
				GCC_OPTIMIZATION_LEVEL = 0;
				GCC_PREPROCESSOR_DEFINITIONS = (
					"DEBUG=1",
					"$(inherited)",
				);
				GCC_WARN_64_TO_32_BIT_CONVERSION = YES;
				GCC_WARN_ABOUT_RETURN_TYPE = YES_ERROR;
				GCC_WARN_UNDECLARED_SELECTOR = YES;
				GCC_WARN_UNINITIALIZED_AUTOS = YES_AGGRESSIVE;
				GCC_WARN_UNUSED_FUNCTION = YES;
				GCC_WARN_UNUSED_VARIABLE = YES;
				IPHONEOS_DEPLOYMENT_TARGET = 10.3;
				MTL_ENABLE_DEBUG_INFO = YES;
				ONLY_ACTIVE_ARCH = YES;
				SDKROOT = iphoneos;
				SWIFT_ACTIVE_COMPILATION_CONDITIONS = DEBUG;
				SWIFT_OPTIMIZATION_LEVEL = "-Onone";
				TARGETED_DEVICE_FAMILY = "1,2";
			};
			name = Debug;
		};
		36EB18571FBC3313002924D1 /* Release */ = {
			isa = XCBuildConfiguration;
			buildSettings = {
				ALWAYS_SEARCH_USER_PATHS = NO;
				CLANG_ANALYZER_NONNULL = YES;
				CLANG_ANALYZER_NUMBER_OBJECT_CONVERSION = YES_AGGRESSIVE;
				CLANG_CXX_LANGUAGE_STANDARD = "gnu++0x";
				CLANG_CXX_LIBRARY = "libc++";
				CLANG_ENABLE_MODULES = YES;
				CLANG_ENABLE_OBJC_ARC = YES;
				CLANG_WARN_BOOL_CONVERSION = YES;
				CLANG_WARN_CONSTANT_CONVERSION = YES;
				CLANG_WARN_DIRECT_OBJC_ISA_USAGE = YES_ERROR;
				CLANG_WARN_DOCUMENTATION_COMMENTS = YES;
				CLANG_WARN_EMPTY_BODY = YES;
				CLANG_WARN_ENUM_CONVERSION = YES;
				CLANG_WARN_INFINITE_RECURSION = YES;
				CLANG_WARN_INT_CONVERSION = YES;
				CLANG_WARN_OBJC_ROOT_CLASS = YES_ERROR;
				CLANG_WARN_SUSPICIOUS_MOVE = YES;
				CLANG_WARN_UNREACHABLE_CODE = YES;
				CLANG_WARN__DUPLICATE_METHOD_MATCH = YES;
				"CODE_SIGN_IDENTITY[sdk=iphoneos*]" = "iPhone Developer";
				COPY_PHASE_STRIP = NO;
				DEBUG_INFORMATION_FORMAT = "dwarf-with-dsym";
				ENABLE_NS_ASSERTIONS = NO;
				ENABLE_STRICT_OBJC_MSGSEND = YES;
				GCC_C_LANGUAGE_STANDARD = gnu99;
				GCC_NO_COMMON_BLOCKS = YES;
				GCC_WARN_64_TO_32_BIT_CONVERSION = YES;
				GCC_WARN_ABOUT_RETURN_TYPE = YES_ERROR;
				GCC_WARN_UNDECLARED_SELECTOR = YES;
				GCC_WARN_UNINITIALIZED_AUTOS = YES_AGGRESSIVE;
				GCC_WARN_UNUSED_FUNCTION = YES;
				GCC_WARN_UNUSED_VARIABLE = YES;
				IPHONEOS_DEPLOYMENT_TARGET = 10.3;
				MTL_ENABLE_DEBUG_INFO = NO;
				SDKROOT = iphoneos;
				SWIFT_OPTIMIZATION_LEVEL = "-Owholemodule";
				TARGETED_DEVICE_FAMILY = "1,2";
				VALIDATE_PRODUCT = YES;
			};
			name = Release;
		};
		36EB18591FBC3313002924D1 /* Debug */ = {
			isa = XCBuildConfiguration;
			baseConfigurationReference = C110E663BA4FD93D58FC997F /* Pods-DebtBook.debug.xcconfig */;
			buildSettings = {
				ASSETCATALOG_COMPILER_APPICON_NAME = AppIcon;
				DEVELOPMENT_TEAM = VGQU7EVXZV;
				INFOPLIST_FILE = "$(SRCROOT)/DebtBook/Supporting Files/Info.plist";
				LD_RUNPATH_SEARCH_PATHS = "$(inherited) @executable_path/Frameworks";
				PRODUCT_BUNDLE_IDENTIFIER = com.anhtuan.DebtBook;
				PRODUCT_NAME = "$(TARGET_NAME)";
				SWIFT_VERSION = 3.0;
			};
			name = Debug;
		};
		36EB185A1FBC3313002924D1 /* Release */ = {
			isa = XCBuildConfiguration;
			baseConfigurationReference = 0966BD5B0B1DA0DC24D0DCA9 /* Pods-DebtBook.release.xcconfig */;
			buildSettings = {
				ASSETCATALOG_COMPILER_APPICON_NAME = AppIcon;
				DEVELOPMENT_TEAM = VGQU7EVXZV;
				INFOPLIST_FILE = "$(SRCROOT)/DebtBook/Supporting Files/Info.plist";
				LD_RUNPATH_SEARCH_PATHS = "$(inherited) @executable_path/Frameworks";
				PRODUCT_BUNDLE_IDENTIFIER = com.anhtuan.DebtBook;
				PRODUCT_NAME = "$(TARGET_NAME)";
				SWIFT_VERSION = 3.0;
			};
			name = Release;
		};
/* End XCBuildConfiguration section */

/* Begin XCConfigurationList section */
		36EB18411FBC3312002924D1 /* Build configuration list for PBXProject "DebtBook" */ = {
			isa = XCConfigurationList;
			buildConfigurations = (
				36EB18561FBC3313002924D1 /* Debug */,
				36EB18571FBC3313002924D1 /* Release */,
			);
			defaultConfigurationIsVisible = 0;
			defaultConfigurationName = Release;
		};
		36EB18581FBC3313002924D1 /* Build configuration list for PBXNativeTarget "DebtBook" */ = {
			isa = XCConfigurationList;
			buildConfigurations = (
				36EB18591FBC3313002924D1 /* Debug */,
				36EB185A1FBC3313002924D1 /* Release */,
			);
			defaultConfigurationIsVisible = 0;
			defaultConfigurationName = Release;
		};
/* End XCConfigurationList section */
	};
	rootObject = 36EB183E1FBC3312002924D1 /* Project object */;
}
